
Microsoft Visual Studio Solution File, Format Version 12.00
# Visual Studio Version 16
VisualStudioVersion = 16.0.31729.503
MinimumVisualStudioVersion = 10.0.40219.1
Project("{FAE04EC0-301F-11D3-BF4B-00C04F79EFBC}") = "Accprez", "Accprez\Accprez.csproj", "{D9123D98-4AE3-462A-96C4-A5C79FA2126B}"
EndProject
Global
	GlobalSection(SolutionConfigurationPlatforms) = preSolution
		Debug|Any CPU = Debug|Any CPU
		Release|Any CPU = Release|Any CPU
	EndGlobalSection
	GlobalSection(ProjectConfigurationPlatforms) = postSolution
		{D9123D98-4AE3-462A-96C4-A5C79FA2126B}.Debug|Any CPU.ActiveCfg = Debug|Any CPU
		{D9123D98-4AE3-462A-96C4-A5C79FA2126B}.Debug|Any CPU.Build.0 = Debug|Any CPU
		{D9123D98-4AE3-462A-96C4-A5C79FA2126B}.Release|Any CPU.ActiveCfg = Release|Any CPU
		{D9123D98-4AE3-462A-96C4-A5C79FA2126B}.Release|Any CPU.Build.0 = Release|Any CPU
	EndGlobalSection
	GlobalSection(SolutionProperties) = preSolution
		HideSolutionNode = FALSE
	EndGlobalSection
	GlobalSection(ExtensibilityGlobals) = postSolution
		SolutionGuid = {F49D37D5-A532-4B72-A49F-BB2E6E98FADE}
	EndGlobalSection
EndGlobal
